{
  "name": "@odd-world-model/typescript-tenant",
  "lockfileVersion": 3,
  "requires": true,
  "packages": {
    "": {
      "name": "@odd-world-model/typescript-tenant",
      "dependencies": {
        "@abiogenesis/typescript-tenant": "file:../../../abiogenesis/release_snapshots/abiogenesis-typescript-tenant/4.6.0-rc.3/abiogenesis-typescript-tenant-4.6.0-rc.3.tgz",
        "@odd-glc/route-one-typescript": "file:../../../odd_glc/release_snapshots/odd-glc-route-one-typescript/0.1.0/odd-glc-route-one-typescript-0.1.0.tgz",
        "fast-xml-parser": "5.10.0",
        "fast-xml-validator": "1.2.0",
        "json-canonicalize": "2.0.0"
      },
      "devDependencies": {
        "@types/node": "24.13.3",
        "ajv": "8.20.0",
        "ajv-formats": "3.0.1",
        "typescript": "5.9.3"
      }
    },
    "node_modules/@abiogenesis/typescript-tenant": {
      "version": "4.6.0-rc.3",
      "resolved": "file:../../../abiogenesis/release_snapshots/abiogenesis-typescript-tenant/4.6.0-rc.3/abiogenesis-typescript-tenant-4.6.0-rc.3.tgz",
      "integrity": "sha512-E1uZVjvBLebT7ZJpX0HOfX8PyY98etcLSbM1OEIb6AxtHfLaV09Z6BpKwmvBP1SZdp8zI5PiOQpeEjRgly0rEg==",
      "dependencies": {
        "valibot": "1.3.1"
      },
      "bin": {
        "abg.install": "build/semantic/code/src/bin/abg.install.js",
        "abiogenesis-ts": "build/semantic/code/src/bin/abiogenesis.js",
        "genesis-ts": "build/semantic/code/src/bin/abiogenesis.js"
      },
      "engines": {
        "node": ">=20"
      }
    },
    "node_modules/@nodable/entities": {
      "version": "2.2.0",
      "resolved": "https://registry.npmjs.org/@nodable/entities/-/entities-2.2.0.tgz",
      "integrity": "sha512-9uGyhaQavEUMC8AIddIjau4NsnsXhou+j5sBAGojCM1oxmQpVKTWR/9JxABD6UAv12vpIms55fPZKFQEhG6uBg==",
      "funding": [
        {
          "type": "github",
          "url": "https://github.com/sponsors/nodable"
        }
      ],
      "license": "MIT"
    },
    "node_modules/@odd-glc/route-one-typescript": {
      "version": "0.1.0",
      "resolved": "file:../../../odd_glc/release_snapshots/odd-glc-route-one-typescript/0.1.0/odd-glc-route-one-typescript-0.1.0.tgz",
      "integrity": "sha512-qxrNEsjezVVpD+j1N2oWiaHgkNewHr5tR9XRAx/+IqIq0JKXZijK4FTY4vp+YzAnsNC5N9NJg58B59SqEo7zSw==",
      "peerDependencies": {
        "@abiogenesis/typescript-tenant": "4.6.0-rc.3"
      },
      "peerDependenciesMeta": {
        "@abiogenesis/typescript-tenant": {
          "optional": true
        }
      }
    },
    "node_modules/@types/node": {
      "version": "24.13.3",
      "resolved": "https://registry.npmjs.org/@types/node/-/node-24.13.3.tgz",
      "integrity": "sha512-Dh8vAsV36ig5wa9OX4pXvMc9D3Veibfw2wix0CUwYODLD8nkj9UsLjASr49nPg+2eKzxhBV+v7L8pXvT4e639Q==",
      "dev": true,
      "license": "MIT",
      "dependencies": {
        "undici-types": "~7.18.0"
      }
    },
    "node_modules/ajv": {
      "version": "8.20.0",
      "resolved": "https://registry.npmjs.org/ajv/-/ajv-8.20.0.tgz",
      "integrity": "sha512-Thbli+OlOj+iMPYFBVBfJ3OmCAnaSyNn4M1vz9T6Gka5Jt9ba/HIR56joy65tY6kx/FCF5VXNB819Y7/GUrBGA==",
      "dev": true,
      "license": "MIT",
      "dependencies": {
        "fast-deep-equal": "^3.1.3",
        "fast-uri": "^3.0.1",
        "json-schema-traverse": "^1.0.0",
        "require-from-string": "^2.0.2"
      },
      "funding": {
        "type": "github",
        "url": "https://github.com/sponsors/epoberezkin"
      }
    },
    "node_modules/ajv-formats": {
      "version": "3.0.1",
      "resolved": "https://registry.npmjs.org/ajv-formats/-/ajv-formats-3.0.1.tgz",
      "integrity": "sha512-8iUql50EUR+uUcdRQ3HDqa6EVyo3docL8g5WJ3FNcWmu62IbkGUue/pEyLBW8VGKKucTPgqeks4fIU1DA4yowQ==",
      "dev": true,
      "license": "MIT",
      "dependencies": {
        "ajv": "^8.0.0"
      },
      "peerDependencies": {
        "ajv": "^8.0.0"
      },
      "peerDependenciesMeta": {
        "ajv": {
          "optional": true
        }
      }
    },
    "node_modules/anynum": {
      "version": "1.0.1",
      "resolved": "https://registry.npmjs.org/anynum/-/anynum-1.0.1.tgz",
      "integrity": "sha512-N6//FLET/tXYNM/F6ABca1oH6fWB+KlTt909Le28WMDBk8oaT4vY17DCrwg2MvmuqUKt3Ni4N5dGJ/EoBgcO6A==",
      "funding": [
        {
          "type": "github",
          "url": "https://github.com/sponsors/NaturalIntelligence"
        }
      ],
      "license": "MIT"
    },
    "node_modules/detailed-xml-validator": {
      "version": "2.1.0",
      "resolved": "https://registry.npmjs.org/detailed-xml-validator/-/detailed-xml-validator-2.1.0.tgz",
      "integrity": "sha512-BhnTxmkOhDXS5V6yQFxTYItZa9Fk4gKKQNNDNXWLNolnsIdP/7wuyL0vlrfNqjgKbH8hsq+QFlFL6tpHvRNiAw==",
      "license": "MIT",
      "dependencies": {
        "fast-xml-parser": "^5.7.1"
      }
    },
    "node_modules/fast-deep-equal": {
      "version": "3.1.3",
      "resolved": "https://registry.npmjs.org/fast-deep-equal/-/fast-deep-equal-3.1.3.tgz",
      "integrity": "sha512-f3qQ9oQy9j2AhBe/H9VC91wLmKBCCU/gDOnKNAYG5hswO7BLKj09Hc5HYNz9cGI++xlpDCIgDaitVs03ATR84Q==",
      "dev": true,
      "license": "MIT"
    },
    "node_modules/fast-uri": {
      "version": "3.1.3",
      "resolved": "https://registry.npmjs.org/fast-uri/-/fast-uri-3.1.3.tgz",
      "integrity": "sha512-i70LwGWUduXqzicKXWshooq+sWL1K3WUU5rKZNG/0i3a1OSoX3HqhH5WbWwTmqWfor4urUakGPiRQcleRZTwOg==",
      "dev": true,
      "funding": [
        {
          "type": "github",
          "url": "https://github.com/sponsors/fastify"
        },
        {
          "type": "opencollective",
          "url": "https://opencollective.com/fastify"
        }
      ],
      "license": "BSD-3-Clause"
    },
    "node_modules/fast-xml-builder": {
      "version": "1.3.0",
      "resolved": "https://registry.npmjs.org/fast-xml-builder/-/fast-xml-builder-1.3.0.tgz",
      "integrity": "sha512-F74cZEdCvuw9P41GAC3rod4X04jjWGM1JPEv/GWSqFTWLsdyMSBMBMlm9Hk3GLBgLBbdBNY8yee0pQh2RBVESQ==",
      "funding": [
        {
          "type": "github",
          "url": "https://github.com/sponsors/NaturalIntelligence"
        }
      ],
      "license": "MIT",
      "dependencies": {
        "path-expression-matcher": "^1.6.2",
        "xml-naming": "^0.3.0"
      }
    },
    "node_modules/fast-xml-parser": {
      "version": "5.10.0",
      "resolved": "https://registry.npmjs.org/fast-xml-parser/-/fast-xml-parser-5.10.0.tgz",
      "integrity": "sha512-SLhnTEqE5QpJHq/6zl9bsmImEP2adv+y6Wy+cJa7nVTRzQh1OZfCe9k29M5xN74LWnu0xa1zrUrq3KnOKl92Fg==",
      "funding": [
        {
          "type": "github",
          "url": "https://github.com/sponsors/NaturalIntelligence"
        }
      ],
      "license": "MIT",
      "dependencies": {
        "@nodable/entities": "^2.2.0",
        "fast-xml-builder": "^1.2.0",
        "is-unsafe": "^2.0.0",
        "path-expression-matcher": "^1.6.2",
        "strnum": "^2.4.1",
        "xml-naming": "^0.3.0"
      },
      "bin": {
        "fxparser": "src/cli/cli.js"
      }
    },
    "node_modules/fast-xml-validator": {
      "version": "1.2.0",
      "resolved": "https://registry.npmjs.org/fast-xml-validator/-/fast-xml-validator-1.2.0.tgz",
      "integrity": "sha512-KX77kkGs/opIi11o+6BJ6AtwI6kZjBVOOT2qqQhsS6hzoqC3a3Z0bZqjy9tlttefmSSKGbNfxT4eJfF9m8Qcnw==",
      "funding": [
        {
          "type": "github",
          "url": "https://github.com/sponsors/NaturalIntelligence"
        }
      ],
      "license": "MIT",
      "dependencies": {
        "detailed-xml-validator": "^2.1.0",
        "xml-naming": "^0.3.0"
      }
    },
    "node_modules/is-unsafe": {
      "version": "2.0.0",
      "resolved": "https://registry.npmjs.org/is-unsafe/-/is-unsafe-2.0.0.tgz",
      "integrity": "sha512-2LdV822R+wmI86unXA93WCFpL6g+av8ynWk0nrHyJqGop5VoocYsSLFgN8jrfalT6iGeLNM4KXuVSsULP53kEA==",
      "funding": [
        {
          "type": "github",
          "url": "https://github.com/sponsors/NaturalIntelligence"
        }
      ],
      "license": "MIT"
    },
    "node_modules/json-canonicalize": {
      "version": "2.0.0",
      "resolved": "https://registry.npmjs.org/json-canonicalize/-/json-canonicalize-2.0.0.tgz",
      "integrity": "sha512-yyrnK/mEm6Na3ChbJUWueXdapueW0p380RUyTW87XGb1ww8l8hU0pRrGC3vSWHe9CxrbPHX2fGUOZpNiHR0IIg==",
      "license": "MIT"
    },
    "node_modules/json-schema-traverse": {
      "version": "1.0.0",
      "resolved": "https://registry.npmjs.org/json-schema-traverse/-/json-schema-traverse-1.0.0.tgz",
      "integrity": "sha512-NM8/P9n3XjXhIZn1lLhkFaACTOURQXjWhV4BA/RnOv8xvgqtqpAX9IO4mRQxSx1Rlo4tqzeqb0sOlruaOy3dug==",
      "dev": true,
      "license": "MIT"
    },
    "node_modules/path-expression-matcher": {
      "version": "1.6.2",
      "resolved": "https://registry.npmjs.org/path-expression-matcher/-/path-expression-matcher-1.6.2.tgz",
      "integrity": "sha512-enSlaiat05iasnzmgNxRj8reFdj3puY2QpNgP1aPIaVfT6nn9ICuPoFlKHk8EN22HcwewshO+mN2DGbkCEOtqQ==",
      "funding": [
        {
          "type": "github",
          "url": "https://github.com/sponsors/NaturalIntelligence"
        }
      ],
      "license": "MIT",
      "engines": {
        "node": ">=14.0.0"
      }
    },
    "node_modules/require-from-string": {
      "version": "2.0.2",
      "resolved": "https://registry.npmjs.org/require-from-string/-/require-from-string-2.0.2.tgz",
      "integrity": "sha512-Xf0nWe6RseziFMu+Ap9biiUbmplq6S9/p+7w7YXP/JBHhrUDDUhwa+vANyubuqfZWTveU//DYVGsDG7RKL/vEw==",
      "dev": true,
      "license": "MIT",
      "engines": {
        "node": ">=0.10.0"
      }
    },
    "node_modules/strnum": {
      "version": "2.4.1",
      "resolved": "https://registry.npmjs.org/strnum/-/strnum-2.4.1.tgz",
      "integrity": "sha512-M9eUSMT2dCB2cTNPG7UYj6KuK7RJR2SN2+yCV/fTW3xzTCS6EaGZ5pSMgDIjB7r8zSfTGk+dvvn9rTjpVS9Mwg==",
      "funding": [
        {
          "type": "github",
          "url": "https://github.com/sponsors/NaturalIntelligence"
        }
      ],
      "license": "MIT",
      "dependencies": {
        "anynum": "^1.0.1"
      }
    },
    "node_modules/typescript": {
      "version": "5.9.3",
      "resolved": "https://registry.npmjs.org/typescript/-/typescript-5.9.3.tgz",
      "integrity": "sha512-jl1vZzPDinLr9eUt3J/t7V6FgNEw9QjvBPdysz9KfQDD41fQrC2Y4vKQdiaUpFT4bXlb1RHhLpp8wtm6M5TgSw==",
      "devOptional": true,
      "license": "Apache-2.0",
      "bin": {
        "tsc": "bin/tsc",
        "tsserver": "bin/tsserver"
      },
      "engines": {
        "node": ">=14.17"
      }
    },
    "node_modules/undici-types": {
      "version": "7.18.2",
      "resolved": "https://registry.npmjs.org/undici-types/-/undici-types-7.18.2.tgz",
      "integrity": "sha512-AsuCzffGHJybSaRrmr5eHr81mwJU3kjw6M+uprWvCXiNeN9SOGwQ3Jn8jb8m3Z6izVgknn1R0FTCEAP2QrLY/w==",
      "dev": true,
      "license": "MIT"
    },
    "node_modules/valibot": {
      "version": "1.3.1",
      "resolved": "https://registry.npmjs.org/valibot/-/valibot-1.3.1.tgz",
      "integrity": "sha512-sfdRir/QFM0JaF22hqTroPc5xy4DimuGQVKFrzF1YfGwaS1nJot3Y8VqMdLO2Lg27fMzat2yD3pY5PbAYO39Gg==",
      "license": "MIT",
      "peerDependencies": {
        "typescript": ">=5"
      },
      "peerDependenciesMeta": {
        "typescript": {
          "optional": true
        }
      }
    },
    "node_modules/xml-naming": {
      "version": "0.3.0",
      "resolved": "https://registry.npmjs.org/xml-naming/-/xml-naming-0.3.0.tgz",
      "integrity": "sha512-ghig2TBE/H11aOVgmahA3MhimvkBr6JIYknH/Dhdk10nXwdbIqBJsbfMxpvFPG8bAw77gN29aQWvKpmVoPlvPQ==",
      "funding": [
        {
          "type": "github",
          "url": "https://github.com/sponsors/NaturalIntelligence"
        }
      ],
      "license": "MIT",
      "engines": {
        "node": ">=16.0.0"
      }
    }
  }
}
